
Microsoft Visual Studio Solution File, Format Version 12.00
Project("{FAE04EC0-301F-11D3-BF4B-00C04F79EFBC}") = "RussianMarazmatikPlan", "RussianMarazmatikPlan\RussianMarazmatikPlan.csproj", "{B3557055-8246-49D0-8FB0-ACC1BEA0D92F}"
EndProject
Global
	GlobalSection(SolutionConfigurationPlatforms) = preSolution
		Debug|Any CPU = Debug|Any CPU
		Release|Any CPU = Release|Any CPU
	EndGlobalSection
	GlobalSection(ProjectConfigurationPlatforms) = postSolution
		{B3557055-8246-49D0-8FB0-ACC1BEA0D92F}.Debug|Any CPU.ActiveCfg = Debug|Any CPU
		{B3557055-8246-49D0-8FB0-ACC1BEA0D92F}.Debug|Any CPU.Build.0 = Debug|Any CPU
		{B3557055-8246-49D0-8FB0-ACC1BEA0D92F}.Release|Any CPU.ActiveCfg = Release|Any CPU
		{B3557055-8246-49D0-8FB0-ACC1BEA0D92F}.Release|Any CPU.Build.0 = Release|Any CPU
	EndGlobalSection
EndGlobal
